
Microsoft Visual Studio Solution File, Format Version 12.00
# Visual Studio Version 16
VisualStudioVersion = 16.0.31205.134
MinimumVisualStudioVersion = 10.0.40219.1
Project("{FAE04EC0-301F-11D3-BF4B-00C04F79EFBC}") = "grpc4InRowService", "grpc4InRowService\grpc4InRowService.csproj", "{90285039-9D25-446F-899A-E8280F2328E5}"
EndProject
Project("{FAE04EC0-301F-11D3-BF4B-00C04F79EFBC}") = "GrpcGameLibrary", "GrpcGameLibrary\GrpcGameLibrary.csproj", "{8EE519BB-1947-4E4F-8F51-227CE2C449AD}"
EndProject
Project("{FAE04EC0-301F-11D3-BF4B-00C04F79EFBC}") = "grpc4InRowClient", "grpc4InRowClient\grpc4InRowClient.csproj", "{C03B7755-1A33-4EB0-A606-4E5DA63A73F7}"
EndProject
Global
	GlobalSection(SolutionConfigurationPlatforms) = preSolution
		Debug|Any CPU = Debug|Any CPU
		Release|Any CPU = Release|Any CPU
	EndGlobalSection
	GlobalSection(ProjectConfigurationPlatforms) = postSolution
		{90285039-9D25-446F-899A-E8280F2328E5}.Debug|Any CPU.ActiveCfg = Debug|Any CPU
		{90285039-9D25-446F-899A-E8280F2328E5}.Debug|Any CPU.Build.0 = Debug|Any CPU
		{90285039-9D25-446F-899A-E8280F2328E5}.Release|Any CPU.ActiveCfg = Release|Any CPU
		{90285039-9D25-446F-899A-E8280F2328E5}.Release|Any CPU.Build.0 = Release|Any CPU
		{8EE519BB-1947-4E4F-8F51-227CE2C449AD}.Debug|Any CPU.ActiveCfg = Debug|Any CPU
		{8EE519BB-1947-4E4F-8F51-227CE2C449AD}.Debug|Any CPU.Build.0 = Debug|Any CPU
		{8EE519BB-1947-4E4F-8F51-227CE2C449AD}.Release|Any CPU.ActiveCfg = Release|Any CPU
		{8EE519BB-1947-4E4F-8F51-227CE2C449AD}.Release|Any CPU.Build.0 = Release|Any CPU
		{C03B7755-1A33-4EB0-A606-4E5DA63A73F7}.Debug|Any CPU.ActiveCfg = Debug|Any CPU
		{C03B7755-1A33-4EB0-A606-4E5DA63A73F7}.Debug|Any CPU.Build.0 = Debug|Any CPU
		{C03B7755-1A33-4EB0-A606-4E5DA63A73F7}.Release|Any CPU.ActiveCfg = Release|Any CPU
		{C03B7755-1A33-4EB0-A606-4E5DA63A73F7}.Release|Any CPU.Build.0 = Release|Any CPU
	EndGlobalSection
	GlobalSection(SolutionProperties) = preSolution
		HideSolutionNode = FALSE
	EndGlobalSection
	GlobalSection(ExtensibilityGlobals) = postSolution
		SolutionGuid = {4892D848-6185-4890-B9EA-3BCBA89D11C7}
	EndGlobalSection
EndGlobal
